// !$*UTF8*$!
{
	archiveVersion = 1;
	classes = {
	};
	objectVersion = 56;
	objects = {

/* Begin PBXBuildFile section */
		AA0000000000000000000801 /* FRIDAYApp.swift in Sources */ = {isa = PBXBuildFile; fileRef = AA0000000000000000000701 /* FRIDAYApp.swift */; };
		AA0000000000000000000802 /* FridayState.swift in Sources */ = {isa = PBXBuildFile; fileRef = AA0000000000000000000702 /* FridayState.swift */; };
		AA0000000000000000000803 /* FridayEngine.swift in Sources */ = {isa = PBXBuildFile; fileRef = AA0000000000000000000703 /* FridayEngine.swift */; };
		AA0000000000000000000804 /* Availability.swift in Sources */ = {isa = PBXBuildFile; fileRef = AA0000000000000000000704 /* Availability.swift */; };
		AA0000000000000000000805 /* ContentView.swift in Sources */ = {isa = PBXBuildFile; fileRef = AA0000000000000000000705 /* ContentView.swift */; };
		AA0000000000000000000806 /* FridayTheme.swift in Sources */ = {isa = PBXBuildFile; fileRef = AA0000000000000000000706 /* FridayTheme.swift */; };
		AA0000000000000000000807 /* AmbientBackground.swift in Sources */ = {isa = PBXBuildFile; fileRef = AA0000000000000000000707 /* AmbientBackground.swift */; };
		AA0000000000000000000808 /* GlassSurface.swift in Sources */ = {isa = PBXBuildFile; fileRef = AA0000000000000000000708 /* GlassSurface.swift */; };
		AA0000000000000000000809 /* Assets.xcassets in Resources */ = {isa = PBXBuildFile; fileRef = AA0000000000000000000709 /* Assets.xcassets */; };
		AA000000000000000000080A /* AudioSessionManager.swift in Sources */ = {isa = PBXBuildFile; fileRef = AA000000000000000000070A /* AudioSessionManager.swift */; };
		AA000000000000000000080E /* TalkButton.swift in Sources */ = {isa = PBXBuildFile; fileRef = AA000000000000000000070E /* TalkButton.swift */; };
		AA000000000000000000080F /* FridayPersona.swift in Sources */ = {isa = PBXBuildFile; fileRef = AA000000000000000000070F /* FridayPersona.swift */; };
		AA0000000000000000000810 /* ConversationTurn.swift in Sources */ = {isa = PBXBuildFile; fileRef = AA0000000000000000000710 /* ConversationTurn.swift */; };
		AA0000000000000000000811 /* Generables.swift in Sources */ = {isa = PBXBuildFile; fileRef = AA0000000000000000000711 /* Generables.swift */; };
		AA0000000000000000000812 /* LanguageEngine.swift in Sources */ = {isa = PBXBuildFile; fileRef = AA0000000000000000000712 /* LanguageEngine.swift */; };
		AA0000000000000000000813 /* ConversationView.swift in Sources */ = {isa = PBXBuildFile; fileRef = AA0000000000000000000713 /* ConversationView.swift */; };
		AA0000000000000000000814 /* SpeechInput.swift in Sources */ = {isa = PBXBuildFile; fileRef = AA0000000000000000000714 /* SpeechInput.swift */; };
		AA0000000000000000000815 /* SpeechOutput.swift in Sources */ = {isa = PBXBuildFile; fileRef = AA0000000000000000000715 /* SpeechOutput.swift */; };
		AA0000000000000000000816 /* SettingsView.swift in Sources */ = {isa = PBXBuildFile; fileRef = AA0000000000000000000716 /* SettingsView.swift */; };
		AA0000000000000000000817 /* FridayTool.swift in Sources */ = {isa = PBXBuildFile; fileRef = AA0000000000000000000717 /* FridayTool.swift */; };
		AA0000000000000000000818 /* TimeTool.swift in Sources */ = {isa = PBXBuildFile; fileRef = AA0000000000000000000718 /* TimeTool.swift */; };
		AA0000000000000000000819 /* DeviceTool.swift in Sources */ = {isa = PBXBuildFile; fileRef = AA0000000000000000000719 /* DeviceTool.swift */; };
		AA000000000000000000081A /* WeatherTool.swift in Sources */ = {isa = PBXBuildFile; fileRef = AA000000000000000000071A /* WeatherTool.swift */; };
		AA000000000000000000081B /* CalendarTool.swift in Sources */ = {isa = PBXBuildFile; fileRef = AA000000000000000000071B /* CalendarTool.swift */; };
		AA000000000000000000081C /* ReminderTool.swift in Sources */ = {isa = PBXBuildFile; fileRef = AA000000000000000000071C /* ReminderTool.swift */; };
		AA000000000000000000081D /* OrbView.swift in Sources */ = {isa = PBXBuildFile; fileRef = AA000000000000000000071D /* OrbView.swift */; };
		AA000000000000000000081E /* Haptics.swift in Sources */ = {isa = PBXBuildFile; fileRef = AA000000000000000000071E /* Haptics.swift */; };
		AA000000000000000000081F /* FridayAttributes.swift in Sources */ = {isa = PBXBuildFile; fileRef = AA000000000000000000071F /* FridayAttributes.swift */; };
		AA0000000000000000000820 /* LiveActivityController.swift in Sources */ = {isa = PBXBuildFile; fileRef = AA0000000000000000000720 /* LiveActivityController.swift */; };
		AA0000000000000000000842 /* StartListeningIntent.swift in Sources */ = {isa = PBXBuildFile; fileRef = AA0000000000000000000742 /* StartListeningIntent.swift */; };
		AA0000000000000000000843 /* StartListeningIntent.swift in Sources */ = {isa = PBXBuildFile; fileRef = AA0000000000000000000742 /* StartListeningIntent.swift */; };
		AA0000000000000000000845 /* FridayLockWidget.swift in Sources */ = {isa = PBXBuildFile; fileRef = AA0000000000000000000744 /* FridayLockWidget.swift */; };
		AA0000000000000000000844 /* FridayListenControl.swift in Sources */ = {isa = PBXBuildFile; fileRef = AA0000000000000000000743 /* FridayListenControl.swift */; };
		AA0000000000000000000841 /* AskFridayIntent.swift in Sources */ = {isa = PBXBuildFile; fileRef = AA0000000000000000000741 /* AskFridayIntent.swift */; };
		AA0000000000000000000850 /* TextScanner.swift in Sources */ = {isa = PBXBuildFile; fileRef = AA0000000000000000000750 /* TextScanner.swift */; };
		AA0000000000000000000851 /* DocumentCamera.swift in Sources */ = {isa = PBXBuildFile; fileRef = AA0000000000000000000751 /* DocumentCamera.swift */; };
		AA0000000000000000000852 /* Bilingual.swift in Sources */ = {isa = PBXBuildFile; fileRef = AA0000000000000000000752 /* Bilingual.swift */; };
		AA0000000000000000000853 /* Translator.swift in Sources */ = {isa = PBXBuildFile; fileRef = AA0000000000000000000753 /* Translator.swift */; };
		AA0000000000000000000854 /* ReceiptReader.swift in Sources */ = {isa = PBXBuildFile; fileRef = AA0000000000000000000754 /* ReceiptReader.swift */; };
		AA0000000000000000000855 /* FridayNotifier.swift in Sources */ = {isa = PBXBuildFile; fileRef = AA0000000000000000000755 /* FridayNotifier.swift */; };
		AA0000000000000000000856 /* ContactTool.swift in Sources */ = {isa = PBXBuildFile; fileRef = AA0000000000000000000756 /* ContactTool.swift */; };
		AA0000000000000000000857 /* EventService.swift in Sources */ = {isa = PBXBuildFile; fileRef = AA0000000000000000000757 /* EventService.swift */; };
		AA0000000000000000000858 /* MotionTool.swift in Sources */ = {isa = PBXBuildFile; fileRef = AA0000000000000000000758 /* MotionTool.swift */; };
		AA0000000000000000000859 /* Tongues.swift in Sources */ = {isa = PBXBuildFile; fileRef = AA0000000000000000000759 /* Tongues.swift */; };
		AA000000000000000000085A /* BoardingPassReader.swift in Sources */ = {isa = PBXBuildFile; fileRef = AA000000000000000000075A /* BoardingPassReader.swift */; };
		AA000000000000000000085B /* BarcodeReader.swift in Sources */ = {isa = PBXBuildFile; fileRef = AA000000000000000000075B /* BarcodeReader.swift */; };
		AA000000000000000000085C /* LiveScanner.swift in Sources */ = {isa = PBXBuildFile; fileRef = AA000000000000000000075C /* LiveScanner.swift */; };
		AA000000000000000000085D /* PDFReader.swift in Sources */ = {isa = PBXBuildFile; fileRef = AA000000000000000000075D /* PDFReader.swift */; };
		AA000000000000000000085E /* Deadline.swift in Sources */ = {isa = PBXBuildFile; fileRef = AA000000000000000000075E /* Deadline.swift */; };
		AA000000000000000000085F /* FridaySnippet.swift in Sources */ = {isa = PBXBuildFile; fileRef = AA000000000000000000075F /* FridaySnippet.swift */; };
		AA0000000000000000000860 /* ActionSlot.swift in Sources */ = {isa = PBXBuildFile; fileRef = AA0000000000000000000760 /* ActionSlot.swift */; };
		AA0000000000000000000861 /* InputBar.swift in Sources */ = {isa = PBXBuildFile; fileRef = AA0000000000000000000761 /* InputBar.swift */; };
		AA0000000000000000000862 /* StatusHeader.swift in Sources */ = {isa = PBXBuildFile; fileRef = AA0000000000000000000762 /* StatusHeader.swift */; };
		AA0000000000000000000863 /* CapabilitiesSheet.swift in Sources */ = {isa = PBXBuildFile; fileRef = AA0000000000000000000763 /* CapabilitiesSheet.swift */; };
		AA0000000000000000000864 /* HeroPanel.swift in Sources */ = {isa = PBXBuildFile; fileRef = AA0000000000000000000764 /* HeroPanel.swift */; };
		AA0000000000000000000865 /* ReckonTool.swift in Sources */ = {isa = PBXBuildFile; fileRef = AA0000000000000000000765 /* ReckonTool.swift */; };
		AA0000000000000000000866 /* TimerTool.swift in Sources */ = {isa = PBXBuildFile; fileRef = AA0000000000000000000766 /* TimerTool.swift */; };
		AA0000000000000000000840 /* Intent.swift in Sources */ = {isa = PBXBuildFile; fileRef = AA0000000000000000000740 /* Intent.swift */; };
		AA0000000000000000000830 /* FridayAttributes.swift in Sources */ = {isa = PBXBuildFile; fileRef = AA000000000000000000071F /* FridayAttributes.swift */; };
		AA0000000000000000000831 /* FridayLiveActivity.swift in Sources */ = {isa = PBXBuildFile; fileRef = AA0000000000000000000721 /* FridayLiveActivity.swift */; };
		AA0000000000000000000832 /* FridayActivityBundle.swift in Sources */ = {isa = PBXBuildFile; fileRef = AA0000000000000000000730 /* FridayActivityBundle.swift */; };
		AA0000000000000000000833 /* FridayActivity.appex in Embed Foundation Extensions */ = {isa = PBXBuildFile; fileRef = AA0000000000000000000301 /* FridayActivity.appex */; settings = {ATTRIBUTES = (RemoveHeadersOnCopy, ); }; };
/* End PBXBuildFile section */

/* Begin PBXContainerItemProxy section */
		AA0000000000000000000911 /* PBXContainerItemProxy */ = {
			isa = PBXContainerItemProxy;
			containerPortal = AA0000000000000000000100 /* Project object */;
			proxyType = 1;
			remoteGlobalIDString = AA0000000000000000000201;
			remoteInfo = FridayActivity;
		};
/* End PBXContainerItemProxy section */

/* Begin PBXCopyFilesBuildPhase section */
		AA0000000000000000000503 /* Embed Foundation Extensions */ = {
			isa = PBXCopyFilesBuildPhase;
			buildActionMask = 2147483647;
			dstPath = "";
			dstSubfolderSpec = 13;
			files = (
				AA0000000000000000000833 /* FridayActivity.appex in Embed Foundation Extensions */,
			);
			name = "Embed Foundation Extensions";
			runOnlyForDeploymentPostprocessing = 0;
		};
/* End PBXCopyFilesBuildPhase section */

/* Begin PBXFileReference section */
		AA0000000000000000000300 /* FRIDAY.app */ = {isa = PBXFileReference; explicitFileType = wrapper.application; includeInIndex = 0; path = FRIDAY.app; sourceTree = BUILT_PRODUCTS_DIR; };
		AA0000000000000000000301 /* FridayActivity.appex */ = {isa = PBXFileReference; explicitFileType = "wrapper.app-extension"; includeInIndex = 0; path = FridayActivity.appex; sourceTree = BUILT_PRODUCTS_DIR; };
		AA0000000000000000000701 /* FRIDAYApp.swift */ = {isa = PBXFileReference; lastKnownFileType = sourcecode.swift; path = FRIDAYApp.swift; sourceTree = "<group>"; };
		AA0000000000000000000742 /* StartListeningIntent.swift */ = {isa = PBXFileReference; lastKnownFileType = sourcecode.swift; path = StartListeningIntent.swift; sourceTree = "<group>"; };
		AA0000000000000000000744 /* FridayLockWidget.swift */ = {isa = PBXFileReference; lastKnownFileType = sourcecode.swift; path = FridayLockWidget.swift; sourceTree = "<group>"; };
		AA0000000000000000000743 /* FridayListenControl.swift */ = {isa = PBXFileReference; lastKnownFileType = sourcecode.swift; path = FridayListenControl.swift; sourceTree = "<group>"; };
		AA0000000000000000000741 /* AskFridayIntent.swift */ = {isa = PBXFileReference; lastKnownFileType = sourcecode.swift; path = AskFridayIntent.swift; sourceTree = "<group>"; };
		AA0000000000000000000750 /* TextScanner.swift */ = {isa = PBXFileReference; lastKnownFileType = sourcecode.swift; path = TextScanner.swift; sourceTree = "<group>"; };
		AA0000000000000000000751 /* DocumentCamera.swift */ = {isa = PBXFileReference; lastKnownFileType = sourcecode.swift; path = DocumentCamera.swift; sourceTree = "<group>"; };
		AA0000000000000000000752 /* Bilingual.swift */ = {isa = PBXFileReference; lastKnownFileType = sourcecode.swift; path = Bilingual.swift; sourceTree = "<group>"; };
		AA0000000000000000000753 /* Translator.swift */ = {isa = PBXFileReference; lastKnownFileType = sourcecode.swift; path = Translator.swift; sourceTree = "<group>"; };
		AA0000000000000000000754 /* ReceiptReader.swift */ = {isa = PBXFileReference; lastKnownFileType = sourcecode.swift; path = ReceiptReader.swift; sourceTree = "<group>"; };
		AA0000000000000000000755 /* FridayNotifier.swift */ = {isa = PBXFileReference; lastKnownFileType = sourcecode.swift; path = FridayNotifier.swift; sourceTree = "<group>"; };
		AA0000000000000000000756 /* ContactTool.swift */ = {isa = PBXFileReference; lastKnownFileType = sourcecode.swift; path = ContactTool.swift; sourceTree = "<group>"; };
		AA0000000000000000000757 /* EventService.swift */ = {isa = PBXFileReference; lastKnownFileType = sourcecode.swift; path = EventService.swift; sourceTree = "<group>"; };
		AA0000000000000000000758 /* MotionTool.swift */ = {isa = PBXFileReference; lastKnownFileType = sourcecode.swift; path = MotionTool.swift; sourceTree = "<group>"; };
		AA0000000000000000000759 /* Tongues.swift */ = {isa = PBXFileReference; lastKnownFileType = sourcecode.swift; path = Tongues.swift; sourceTree = "<group>"; };
		AA000000000000000000075A /* BoardingPassReader.swift */ = {isa = PBXFileReference; lastKnownFileType = sourcecode.swift; path = BoardingPassReader.swift; sourceTree = "<group>"; };
		AA000000000000000000075B /* BarcodeReader.swift */ = {isa = PBXFileReference; lastKnownFileType = sourcecode.swift; path = BarcodeReader.swift; sourceTree = "<group>"; };
		AA000000000000000000075C /* LiveScanner.swift */ = {isa = PBXFileReference; lastKnownFileType = sourcecode.swift; path = LiveScanner.swift; sourceTree = "<group>"; };
		AA000000000000000000075D /* PDFReader.swift */ = {isa = PBXFileReference; lastKnownFileType = sourcecode.swift; path = PDFReader.swift; sourceTree = "<group>"; };
		AA000000000000000000075E /* Deadline.swift */ = {isa = PBXFileReference; lastKnownFileType = sourcecode.swift; path = Deadline.swift; sourceTree = "<group>"; };
		AA000000000000000000075F /* FridaySnippet.swift */ = {isa = PBXFileReference; lastKnownFileType = sourcecode.swift; path = FridaySnippet.swift; sourceTree = "<group>"; };
		AA0000000000000000000760 /* ActionSlot.swift */ = {isa = PBXFileReference; lastKnownFileType = sourcecode.swift; path = ActionSlot.swift; sourceTree = "<group>"; };
		AA0000000000000000000761 /* InputBar.swift */ = {isa = PBXFileReference; lastKnownFileType = sourcecode.swift; path = InputBar.swift; sourceTree = "<group>"; };
		AA0000000000000000000762 /* StatusHeader.swift */ = {isa = PBXFileReference; lastKnownFileType = sourcecode.swift; path = StatusHeader.swift; sourceTree = "<group>"; };
		AA0000000000000000000763 /* CapabilitiesSheet.swift */ = {isa = PBXFileReference; lastKnownFileType = sourcecode.swift; path = CapabilitiesSheet.swift; sourceTree = "<group>"; };
		AA0000000000000000000764 /* HeroPanel.swift */ = {isa = PBXFileReference; lastKnownFileType = sourcecode.swift; path = HeroPanel.swift; sourceTree = "<group>"; };
		AA0000000000000000000765 /* ReckonTool.swift */ = {isa = PBXFileReference; lastKnownFileType = sourcecode.swift; path = ReckonTool.swift; sourceTree = "<group>"; };
		AA0000000000000000000766 /* TimerTool.swift */ = {isa = PBXFileReference; lastKnownFileType = sourcecode.swift; path = TimerTool.swift; sourceTree = "<group>"; };
		AA0000000000000000000740 /* Intent.swift */ = {isa = PBXFileReference; lastKnownFileType = sourcecode.swift; path = Intent.swift; sourceTree = "<group>"; };
		AA0000000000000000000702 /* FridayState.swift */ = {isa = PBXFileReference; lastKnownFileType = sourcecode.swift; path = FridayState.swift; sourceTree = "<group>"; };
		AA0000000000000000000703 /* FridayEngine.swift */ = {isa = PBXFileReference; lastKnownFileType = sourcecode.swift; path = FridayEngine.swift; sourceTree = "<group>"; };
		AA0000000000000000000704 /* Availability.swift */ = {isa = PBXFileReference; lastKnownFileType = sourcecode.swift; path = Availability.swift; sourceTree = "<group>"; };
		AA0000000000000000000705 /* ContentView.swift */ = {isa = PBXFileReference; lastKnownFileType = sourcecode.swift; path = ContentView.swift; sourceTree = "<group>"; };
		AA0000000000000000000706 /* FridayTheme.swift */ = {isa = PBXFileReference; lastKnownFileType = sourcecode.swift; path = FridayTheme.swift; sourceTree = "<group>"; };
		AA0000000000000000000707 /* AmbientBackground.swift */ = {isa = PBXFileReference; lastKnownFileType = sourcecode.swift; path = AmbientBackground.swift; sourceTree = "<group>"; };
		AA0000000000000000000708 /* GlassSurface.swift */ = {isa = PBXFileReference; lastKnownFileType = sourcecode.swift; path = GlassSurface.swift; sourceTree = "<group>"; };
		AA0000000000000000000709 /* Assets.xcassets */ = {isa = PBXFileReference; lastKnownFileType = folder.assetcatalog; path = Assets.xcassets; sourceTree = "<group>"; };
		AA000000000000000000070A /* AudioSessionManager.swift */ = {isa = PBXFileReference; lastKnownFileType = sourcecode.swift; path = AudioSessionManager.swift; sourceTree = "<group>"; };
		AA000000000000000000070E /* TalkButton.swift */ = {isa = PBXFileReference; lastKnownFileType = sourcecode.swift; path = TalkButton.swift; sourceTree = "<group>"; };
		AA000000000000000000070F /* FridayPersona.swift */ = {isa = PBXFileReference; lastKnownFileType = sourcecode.swift; path = FridayPersona.swift; sourceTree = "<group>"; };
		AA0000000000000000000710 /* ConversationTurn.swift */ = {isa = PBXFileReference; lastKnownFileType = sourcecode.swift; path = ConversationTurn.swift; sourceTree = "<group>"; };
		AA0000000000000000000711 /* Generables.swift */ = {isa = PBXFileReference; lastKnownFileType = sourcecode.swift; path = Generables.swift; sourceTree = "<group>"; };
		AA0000000000000000000712 /* LanguageEngine.swift */ = {isa = PBXFileReference; lastKnownFileType = sourcecode.swift; path = LanguageEngine.swift; sourceTree = "<group>"; };
		AA0000000000000000000713 /* ConversationView.swift */ = {isa = PBXFileReference; lastKnownFileType = sourcecode.swift; path = ConversationView.swift; sourceTree = "<group>"; };
		AA0000000000000000000714 /* SpeechInput.swift */ = {isa = PBXFileReference; lastKnownFileType = sourcecode.swift; path = SpeechInput.swift; sourceTree = "<group>"; };
		AA0000000000000000000715 /* SpeechOutput.swift */ = {isa = PBXFileReference; lastKnownFileType = sourcecode.swift; path = SpeechOutput.swift; sourceTree = "<group>"; };
		AA0000000000000000000716 /* SettingsView.swift */ = {isa = PBXFileReference; lastKnownFileType = sourcecode.swift; path = SettingsView.swift; sourceTree = "<group>"; };
		AA0000000000000000000717 /* FridayTool.swift */ = {isa = PBXFileReference; lastKnownFileType = sourcecode.swift; path = FridayTool.swift; sourceTree = "<group>"; };
		AA0000000000000000000718 /* TimeTool.swift */ = {isa = PBXFileReference; lastKnownFileType = sourcecode.swift; path = TimeTool.swift; sourceTree = "<group>"; };
		AA0000000000000000000719 /* DeviceTool.swift */ = {isa = PBXFileReference; lastKnownFileType = sourcecode.swift; path = DeviceTool.swift; sourceTree = "<group>"; };
		AA000000000000000000071A /* WeatherTool.swift */ = {isa = PBXFileReference; lastKnownFileType = sourcecode.swift; path = WeatherTool.swift; sourceTree = "<group>"; };
		AA000000000000000000071B /* CalendarTool.swift */ = {isa = PBXFileReference; lastKnownFileType = sourcecode.swift; path = CalendarTool.swift; sourceTree = "<group>"; };
		AA000000000000000000071C /* ReminderTool.swift */ = {isa = PBXFileReference; lastKnownFileType = sourcecode.swift; path = ReminderTool.swift; sourceTree = "<group>"; };
		AA000000000000000000071D /* OrbView.swift */ = {isa = PBXFileReference; lastKnownFileType = sourcecode.swift; path = OrbView.swift; sourceTree = "<group>"; };
		AA000000000000000000071E /* Haptics.swift */ = {isa = PBXFileReference; lastKnownFileType = sourcecode.swift; path = Haptics.swift; sourceTree = "<group>"; };
		AA000000000000000000071F /* FridayAttributes.swift */ = {isa = PBXFileReference; lastKnownFileType = sourcecode.swift; path = FridayAttributes.swift; sourceTree = "<group>"; };
		AA0000000000000000000720 /* LiveActivityController.swift */ = {isa = PBXFileReference; lastKnownFileType = sourcecode.swift; path = LiveActivityController.swift; sourceTree = "<group>"; };
		AA0000000000000000000721 /* FridayLiveActivity.swift */ = {isa = PBXFileReference; lastKnownFileType = sourcecode.swift; path = FridayLiveActivity.swift; sourceTree = "<group>"; };
		AA0000000000000000000730 /* FridayActivityBundle.swift */ = {isa = PBXFileReference; lastKnownFileType = sourcecode.swift; path = FridayActivityBundle.swift; sourceTree = "<group>"; };
		AA0000000000000000000731 /* Info.plist */ = {isa = PBXFileReference; lastKnownFileType = text.plist.xml; path = Info.plist; sourceTree = "<group>"; };
/* End PBXFileReference section */

/* Begin PBXFrameworksBuildPhase section */
		AA0000000000000000000501 /* Frameworks */ = {
			isa = PBXFrameworksBuildPhase;
			buildActionMask = 2147483647;
			files = (
			);
			runOnlyForDeploymentPostprocessing = 0;
		};
		AA0000000000000000000511 /* Frameworks */ = {
			isa = PBXFrameworksBuildPhase;
			buildActionMask = 2147483647;
			files = (
			);
			runOnlyForDeploymentPostprocessing = 0;
		};
/* End PBXFrameworksBuildPhase section */

/* Begin PBXGroup section */
		AA0000000000000000000400 = {
			isa = PBXGroup;
			children = (
				AA0000000000000000000401 /* FRIDAY */,
				AA0000000000000000000410 /* FridayActivity */,
				AA0000000000000000000405 /* Products */,
			);
			sourceTree = "<group>";
		};
		AA0000000000000000000401 /* FRIDAY */ = {
			isa = PBXGroup;
			children = (
				AA0000000000000000000701 /* FRIDAYApp.swift */,
				AA0000000000000000000402 /* Core */,
				AA0000000000000000000406 /* Speech */,
				AA0000000000000000000403 /* Intelligence */,
				AA0000000000000000000407 /* Tools */,
				AA0000000000000000000408 /* LiveActivity */,
				AA0000000000000000000409 /* Intents */,
				AA0000000000000000000411 /* Vision */,
				AA0000000000000000000412 /* Language */,
				AA0000000000000000000413 /* Notify */,
				AA0000000000000000000404 /* UI */,
				AA0000000000000000000709 /* Assets.xcassets */,
			);
			path = FRIDAY;
			sourceTree = "<group>";
		};
		AA0000000000000000000402 /* Core */ = {
			isa = PBXGroup;
			children = (
				AA0000000000000000000702 /* FridayState.swift */,
				AA0000000000000000000703 /* FridayEngine.swift */,
				AA000000000000000000070F /* FridayPersona.swift */,
				AA0000000000000000000710 /* ConversationTurn.swift */,
				AA0000000000000000000740 /* Intent.swift */,
				AA0000000000000000000757 /* EventService.swift */,
				AA000000000000000000075E /* Deadline.swift */,
			);
			path = Core;
			sourceTree = "<group>";
		};
		AA0000000000000000000403 /* Intelligence */ = {
			isa = PBXGroup;
			children = (
				AA0000000000000000000704 /* Availability.swift */,
				AA0000000000000000000711 /* Generables.swift */,
				AA0000000000000000000712 /* LanguageEngine.swift */,
			);
			path = Intelligence;
			sourceTree = "<group>";
		};
		AA0000000000000000000404 /* UI */ = {
			isa = PBXGroup;
			children = (
				AA0000000000000000000705 /* ContentView.swift */,
				AA0000000000000000000706 /* FridayTheme.swift */,
				AA0000000000000000000707 /* AmbientBackground.swift */,
				AA0000000000000000000708 /* GlassSurface.swift */,
				AA000000000000000000071D /* OrbView.swift */,
				AA000000000000000000071E /* Haptics.swift */,
				AA000000000000000000070E /* TalkButton.swift */,
				AA0000000000000000000713 /* ConversationView.swift */,
				AA0000000000000000000716 /* SettingsView.swift */,
				AA0000000000000000000760 /* ActionSlot.swift */,
				AA0000000000000000000761 /* InputBar.swift */,
				AA0000000000000000000762 /* StatusHeader.swift */,
				AA0000000000000000000763 /* CapabilitiesSheet.swift */,
				AA0000000000000000000764 /* HeroPanel.swift */,
			);
			path = UI;
			sourceTree = "<group>";
		};
		AA0000000000000000000405 /* Products */ = {
			isa = PBXGroup;
			children = (
				AA0000000000000000000300 /* FRIDAY.app */,
				AA0000000000000000000301 /* FridayActivity.appex */,
			);
			name = Products;
			sourceTree = "<group>";
		};
		AA0000000000000000000406 /* Speech */ = {
			isa = PBXGroup;
			children = (
				AA000000000000000000070A /* AudioSessionManager.swift */,
				AA0000000000000000000714 /* SpeechInput.swift */,
				AA0000000000000000000715 /* SpeechOutput.swift */,
			);
			path = Speech;
			sourceTree = "<group>";
		};
		AA0000000000000000000407 /* Tools */ = {
			isa = PBXGroup;
			children = (
				AA0000000000000000000717 /* FridayTool.swift */,
				AA0000000000000000000718 /* TimeTool.swift */,
				AA0000000000000000000719 /* DeviceTool.swift */,
				AA000000000000000000071A /* WeatherTool.swift */,
				AA000000000000000000071B /* CalendarTool.swift */,
				AA000000000000000000071C /* ReminderTool.swift */,
				AA0000000000000000000756 /* ContactTool.swift */,
				AA0000000000000000000758 /* MotionTool.swift */,
				AA0000000000000000000765 /* ReckonTool.swift */,
				AA0000000000000000000766 /* TimerTool.swift */,
			);
			path = Tools;
			sourceTree = "<group>";
		};
		AA0000000000000000000413 /* Notify */ = {
			isa = PBXGroup;
			children = (
				AA0000000000000000000755 /* FridayNotifier.swift */,
			);
			path = Notify;
			sourceTree = "<group>";
		};
		AA0000000000000000000412 /* Language */ = {
			isa = PBXGroup;
			children = (
				AA0000000000000000000752 /* Bilingual.swift */,
				AA0000000000000000000753 /* Translator.swift */,
				AA0000000000000000000759 /* Tongues.swift */,
			);
			path = Language;
			sourceTree = "<group>";
		};
		AA0000000000000000000411 /* Vision */ = {
			isa = PBXGroup;
			children = (
				AA0000000000000000000750 /* TextScanner.swift */,
				AA0000000000000000000751 /* DocumentCamera.swift */,
				AA0000000000000000000754 /* ReceiptReader.swift */,
				AA000000000000000000075A /* BoardingPassReader.swift */,
				AA000000000000000000075B /* BarcodeReader.swift */,
				AA000000000000000000075C /* LiveScanner.swift */,
				AA000000000000000000075D /* PDFReader.swift */,
			);
			path = Vision;
			sourceTree = "<group>";
		};
		AA0000000000000000000409 /* Intents */ = {
			isa = PBXGroup;
			children = (
				AA0000000000000000000741 /* AskFridayIntent.swift */,
				AA0000000000000000000742 /* StartListeningIntent.swift */,
				AA000000000000000000075F /* FridaySnippet.swift */,
			);
			path = Intents;
			sourceTree = "<group>";
		};
		AA0000000000000000000408 /* LiveActivity */ = {
			isa = PBXGroup;
			children = (
				AA000000000000000000071F /* FridayAttributes.swift */,
				AA0000000000000000000720 /* LiveActivityController.swift */,
				AA0000000000000000000721 /* FridayLiveActivity.swift */,
			);
			path = LiveActivity;
			sourceTree = "<group>";
		};
		AA0000000000000000000410 /* FridayActivity */ = {
			isa = PBXGroup;
			children = (
				AA0000000000000000000730 /* FridayActivityBundle.swift */,
				AA0000000000000000000743 /* FridayListenControl.swift */,
				AA0000000000000000000744 /* FridayLockWidget.swift */,
				AA0000000000000000000731 /* Info.plist */,
			);
			path = FridayActivity;
			sourceTree = "<group>";
		};
/* End PBXGroup section */

/* Begin PBXNativeTarget section */
		AA0000000000000000000200 /* FRIDAY */ = {
			isa = PBXNativeTarget;
			buildConfigurationList = AA0000000000000000000601 /* Build configuration list for PBXNativeTarget "FRIDAY" */;
			buildPhases = (
				AA0000000000000000000500 /* Sources */,
				AA0000000000000000000501 /* Frameworks */,
				AA0000000000000000000502 /* Resources */,
				AA0000000000000000000503 /* Embed Foundation Extensions */,
			);
			buildRules = (
			);
			dependencies = (
				AA0000000000000000000910 /* PBXTargetDependency */,
			);
			name = FRIDAY;
			productName = FRIDAY;
			productReference = AA0000000000000000000300 /* FRIDAY.app */;
			productType = "com.apple.product-type.application";
		};
		AA0000000000000000000201 /* FridayActivity */ = {
			isa = PBXNativeTarget;
			buildConfigurationList = AA0000000000000000000602 /* Build configuration list for PBXNativeTarget "FridayActivity" */;
			buildPhases = (
				AA0000000000000000000510 /* Sources */,
				AA0000000000000000000511 /* Frameworks */,
				AA0000000000000000000512 /* Resources */,
			);
			buildRules = (
			);
			dependencies = (
			);
			name = FridayActivity;
			productName = FridayActivity;
			productReference = AA0000000000000000000301 /* FridayActivity.appex */;
			productType = "com.apple.product-type.app-extension";
		};
/* End PBXNativeTarget section */

/* Begin PBXProject section */
		AA0000000000000000000100 /* Project object */ = {
			isa = PBXProject;
			attributes = {
				BuildIndependentTargetsInParallel = 1;
				LastSwiftUpdateCheck = 2600;
				LastUpgradeCheck = 2600;
				TargetAttributes = {
					AA0000000000000000000200 = {
						CreatedOnToolsVersion = 26.0;
					};
					AA0000000000000000000201 = {
						CreatedOnToolsVersion = 26.0;
					};
				};
			};
			buildConfigurationList = AA0000000000000000000600 /* Build configuration list for PBXProject "FRIDAY" */;
			compatibilityVersion = "Xcode 14.0";
			developmentRegion = en;
			hasScannedForEncodings = 0;
			knownRegions = (
				en,
				Base,
			);
			mainGroup = AA0000000000000000000400;
			productRefGroup = AA0000000000000000000405 /* Products */;
			projectDirPath = "";
			projectRoot = "";
			targets = (
				AA0000000000000000000200 /* FRIDAY */,
				AA0000000000000000000201 /* FridayActivity */,
			);
		};
/* End PBXProject section */

/* Begin PBXResourcesBuildPhase section */
		AA0000000000000000000502 /* Resources */ = {
			isa = PBXResourcesBuildPhase;
			buildActionMask = 2147483647;
			files = (
				AA0000000000000000000809 /* Assets.xcassets in Resources */,
			);
			runOnlyForDeploymentPostprocessing = 0;
		};
		AA0000000000000000000512 /* Resources */ = {
			isa = PBXResourcesBuildPhase;
			buildActionMask = 2147483647;
			files = (
			);
			runOnlyForDeploymentPostprocessing = 0;
		};
/* End PBXResourcesBuildPhase section */

/* Begin PBXSourcesBuildPhase section */
		AA0000000000000000000500 /* Sources */ = {
			isa = PBXSourcesBuildPhase;
			buildActionMask = 2147483647;
			files = (
				AA0000000000000000000801 /* FRIDAYApp.swift in Sources */,
				AA0000000000000000000802 /* FridayState.swift in Sources */,
				AA0000000000000000000840 /* Intent.swift in Sources */,
				AA0000000000000000000850 /* TextScanner.swift in Sources */,
				AA0000000000000000000851 /* DocumentCamera.swift in Sources */,
				AA0000000000000000000852 /* Bilingual.swift in Sources */,
				AA0000000000000000000853 /* Translator.swift in Sources */,
				AA0000000000000000000854 /* ReceiptReader.swift in Sources */,
				AA0000000000000000000855 /* FridayNotifier.swift in Sources */,
				AA0000000000000000000856 /* ContactTool.swift in Sources */,
				AA0000000000000000000857 /* EventService.swift in Sources */,
				AA0000000000000000000858 /* MotionTool.swift in Sources */,
				AA0000000000000000000859 /* Tongues.swift in Sources */,
				AA000000000000000000085A /* BoardingPassReader.swift in Sources */,
				AA000000000000000000085B /* BarcodeReader.swift in Sources */,
				AA000000000000000000085C /* LiveScanner.swift in Sources */,
				AA000000000000000000085D /* PDFReader.swift in Sources */,
				AA000000000000000000085E /* Deadline.swift in Sources */,
				AA000000000000000000085F /* FridaySnippet.swift in Sources */,
				AA0000000000000000000860 /* ActionSlot.swift in Sources */,
				AA0000000000000000000861 /* InputBar.swift in Sources */,
				AA0000000000000000000862 /* StatusHeader.swift in Sources */,
				AA0000000000000000000863 /* CapabilitiesSheet.swift in Sources */,
				AA0000000000000000000864 /* HeroPanel.swift in Sources */,
				AA0000000000000000000865 /* ReckonTool.swift in Sources */,
				AA0000000000000000000866 /* TimerTool.swift in Sources */,
				AA0000000000000000000841 /* AskFridayIntent.swift in Sources */,
				AA0000000000000000000842 /* StartListeningIntent.swift in Sources */,
				AA0000000000000000000803 /* FridayEngine.swift in Sources */,
				AA0000000000000000000804 /* Availability.swift in Sources */,
				AA0000000000000000000805 /* ContentView.swift in Sources */,
				AA0000000000000000000806 /* FridayTheme.swift in Sources */,
				AA0000000000000000000807 /* AmbientBackground.swift in Sources */,
				AA0000000000000000000808 /* GlassSurface.swift in Sources */,
				AA000000000000000000080A /* AudioSessionManager.swift in Sources */,
				AA0000000000000000000814 /* SpeechInput.swift in Sources */,
				AA0000000000000000000815 /* SpeechOutput.swift in Sources */,
				AA0000000000000000000816 /* SettingsView.swift in Sources */,
				AA0000000000000000000817 /* FridayTool.swift in Sources */,
				AA0000000000000000000818 /* TimeTool.swift in Sources */,
				AA0000000000000000000819 /* DeviceTool.swift in Sources */,
				AA000000000000000000081A /* WeatherTool.swift in Sources */,
				AA000000000000000000081B /* CalendarTool.swift in Sources */,
				AA000000000000000000081C /* ReminderTool.swift in Sources */,
				AA000000000000000000081D /* OrbView.swift in Sources */,
				AA000000000000000000081E /* Haptics.swift in Sources */,
				AA000000000000000000081F /* FridayAttributes.swift in Sources */,
				AA0000000000000000000820 /* LiveActivityController.swift in Sources */,
				AA000000000000000000080E /* TalkButton.swift in Sources */,
				AA000000000000000000080F /* FridayPersona.swift in Sources */,
				AA0000000000000000000810 /* ConversationTurn.swift in Sources */,
				AA0000000000000000000811 /* Generables.swift in Sources */,
				AA0000000000000000000812 /* LanguageEngine.swift in Sources */,
				AA0000000000000000000813 /* ConversationView.swift in Sources */,
			);
			runOnlyForDeploymentPostprocessing = 0;
		};
		AA0000000000000000000510 /* Sources */ = {
			isa = PBXSourcesBuildPhase;
			buildActionMask = 2147483647;
			files = (
				AA0000000000000000000832 /* FridayActivityBundle.swift in Sources */,
				AA0000000000000000000843 /* StartListeningIntent.swift in Sources */,
				AA0000000000000000000844 /* FridayListenControl.swift in Sources */,
				AA0000000000000000000845 /* FridayLockWidget.swift in Sources */,
				AA0000000000000000000831 /* FridayLiveActivity.swift in Sources */,
				AA0000000000000000000830 /* FridayAttributes.swift in Sources */,
			);
			runOnlyForDeploymentPostprocessing = 0;
		};
/* End PBXSourcesBuildPhase section */

/* Begin PBXTargetDependency section */
		AA0000000000000000000910 /* PBXTargetDependency */ = {
			isa = PBXTargetDependency;
			target = AA0000000000000000000201 /* FridayActivity */;
			targetProxy = AA0000000000000000000911 /* PBXContainerItemProxy */;
		};
/* End PBXTargetDependency section */

/* Begin XCBuildConfiguration section */
		AA0000000000000000000610 /* Debug */ = {
			isa = XCBuildConfiguration;
			buildSettings = {
				ALWAYS_SEARCH_USER_PATHS = NO;
				ASSETCATALOG_COMPILER_GENERATE_SWIFT_ASSET_SYMBOL_EXTENSIONS = YES;
				CLANG_ANALYZER_NONNULL = YES;
				CLANG_ANALYZER_NUMBER_OBJECT_CONVERSION = YES_AGGRESSIVE;
				CLANG_ENABLE_MODULES = YES;
				CLANG_ENABLE_OBJC_ARC = YES;
				CLANG_ENABLE_OBJC_WEAK = YES;
				COPY_PHASE_STRIP = NO;
				DEBUG_INFORMATION_FORMAT = dwarf;
				ENABLE_STRICT_OBJC_MSGSEND = YES;
				ENABLE_TESTABILITY = YES;
				ENABLE_USER_SCRIPT_SANDBOXING = YES;
				GCC_C_LANGUAGE_STANDARD = gnu17;
				GCC_DYNAMIC_NO_PIC = NO;
				GCC_NO_COMMON_BLOCKS = YES;
				GCC_OPTIMIZATION_LEVEL = 0;
				GCC_PREPROCESSOR_DEFINITIONS = (
					"DEBUG=1",
					"$(inherited)",
				);
				IPHONEOS_DEPLOYMENT_TARGET = 26.0;
				MTL_ENABLE_DEBUG_INFO = INCLUDE_SOURCE;
				MTL_FAST_MATH = YES;
				ONLY_ACTIVE_ARCH = YES;
				SDKROOT = iphoneos;
				SWIFT_ACTIVE_COMPILATION_CONDITIONS = "DEBUG $(inherited)";
				SWIFT_OPTIMIZATION_LEVEL = "-Onone";
				SWIFT_STRICT_CONCURRENCY = complete;
				SWIFT_VERSION = 6.0;
			};
			name = Debug;
		};
		AA0000000000000000000611 /* Release */ = {
			isa = XCBuildConfiguration;
			buildSettings = {
				ALWAYS_SEARCH_USER_PATHS = NO;
				ASSETCATALOG_COMPILER_GENERATE_SWIFT_ASSET_SYMBOL_EXTENSIONS = YES;
				CLANG_ANALYZER_NONNULL = YES;
				CLANG_ANALYZER_NUMBER_OBJECT_CONVERSION = YES_AGGRESSIVE;
				CLANG_ENABLE_MODULES = YES;
				CLANG_ENABLE_OBJC_ARC = YES;
				CLANG_ENABLE_OBJC_WEAK = YES;
				COPY_PHASE_STRIP = NO;
				DEBUG_INFORMATION_FORMAT = "dwarf-with-dsym";
				ENABLE_NS_ASSERTIONS = NO;
				ENABLE_STRICT_OBJC_MSGSEND = YES;
				ENABLE_USER_SCRIPT_SANDBOXING = YES;
				GCC_C_LANGUAGE_STANDARD = gnu17;
				GCC_NO_COMMON_BLOCKS = YES;
				IPHONEOS_DEPLOYMENT_TARGET = 26.0;
				MTL_ENABLE_DEBUG_INFO = NO;
				MTL_FAST_MATH = YES;
				SDKROOT = iphoneos;
				SWIFT_COMPILATION_MODE = wholemodule;
				SWIFT_STRICT_CONCURRENCY = complete;
				SWIFT_VERSION = 6.0;
				VALIDATE_PRODUCT = YES;
			};
			name = Release;
		};
		AA0000000000000000000620 /* Debug */ = {
			isa = XCBuildConfiguration;
			buildSettings = {
				ASSETCATALOG_COMPILER_APPICON_NAME = AppIcon;
				ASSETCATALOG_COMPILER_GLOBAL_ACCENT_COLOR_NAME = AccentColor;
				CODE_SIGN_STYLE = Automatic;
				CURRENT_PROJECT_VERSION = 1;
				DEVELOPMENT_ASSET_PATHS = "";
				DEVELOPMENT_TEAM = R9BD597ST6;
				ENABLE_PREVIEWS = YES;
				GENERATE_INFOPLIST_FILE = YES;
				INFOPLIST_KEY_CFBundleDisplayName = FRIDAY;
				INFOPLIST_KEY_NSCalendarsFullAccessUsageDescription = "FRIDAY reads your calendar to brief you on your day.";
				INFOPLIST_KEY_NSCalendarsWriteOnlyAccessUsageDescription = "FRIDAY adds events to your calendar when you confirm them.";
				INFOPLIST_KEY_NSContactsUsageDescription = "FRIDAY looks up numbers and birthdays when you ask. Contacts are read on-device and never leave your phone.";
				INFOPLIST_KEY_NSMotionUsageDescription = "FRIDAY reads your step count when you ask how far you have walked.";
				INFOPLIST_KEY_NSCameraUsageDescription = "FRIDAY reads documents you point the camera at. Recognition happens on-device.";
				INFOPLIST_KEY_NSLocationWhenInUseUsageDescription = "FRIDAY uses your location for local weather.";
				INFOPLIST_KEY_NSMicrophoneUsageDescription = "FRIDAY listens for your voice commands.";
				INFOPLIST_KEY_NSRemindersFullAccessUsageDescription = "FRIDAY creates reminders when you ask.";
				INFOPLIST_KEY_NSSpeechRecognitionUsageDescription = "FRIDAY transcribes your speech on-device.";
				INFOPLIST_KEY_NSSupportsLiveActivities = YES;
				INFOPLIST_KEY_UIApplicationSceneManifest_Generation = YES;
				INFOPLIST_KEY_UIApplicationSupportsIndirectInputEvents = YES;
				INFOPLIST_KEY_UILaunchScreen_Generation = YES;
				INFOPLIST_KEY_UIStatusBarStyle = UIStatusBarStyleLightContent;
				INFOPLIST_KEY_UISupportedInterfaceOrientations_iPhone = UIInterfaceOrientationPortrait;
				INFOPLIST_KEY_UIUserInterfaceStyle = Dark;
				LD_RUNPATH_SEARCH_PATHS = (
					"$(inherited)",
					"@executable_path/Frameworks",
				);
				MARKETING_VERSION = 1.0;
				PRODUCT_BUNDLE_IDENTIFIER = com.krishnamathur.friday;
				PRODUCT_NAME = "$(TARGET_NAME)";
				SWIFT_EMIT_LOC_STRINGS = YES;
				SWIFT_VERSION = 6.0;
				TARGETED_DEVICE_FAMILY = 1;
			};
			name = Debug;
		};
		AA0000000000000000000621 /* Release */ = {
			isa = XCBuildConfiguration;
			buildSettings = {
				ASSETCATALOG_COMPILER_APPICON_NAME = AppIcon;
				ASSETCATALOG_COMPILER_GLOBAL_ACCENT_COLOR_NAME = AccentColor;
				CODE_SIGN_STYLE = Automatic;
				CURRENT_PROJECT_VERSION = 1;
				DEVELOPMENT_ASSET_PATHS = "";
				DEVELOPMENT_TEAM = R9BD597ST6;
				ENABLE_PREVIEWS = YES;
				GENERATE_INFOPLIST_FILE = YES;
				INFOPLIST_KEY_CFBundleDisplayName = FRIDAY;
				INFOPLIST_KEY_NSCalendarsFullAccessUsageDescription = "FRIDAY reads your calendar to brief you on your day.";
				INFOPLIST_KEY_NSCalendarsWriteOnlyAccessUsageDescription = "FRIDAY adds events to your calendar when you confirm them.";
				INFOPLIST_KEY_NSContactsUsageDescription = "FRIDAY looks up numbers and birthdays when you ask. Contacts are read on-device and never leave your phone.";
				INFOPLIST_KEY_NSMotionUsageDescription = "FRIDAY reads your step count when you ask how far you have walked.";
				INFOPLIST_KEY_NSCameraUsageDescription = "FRIDAY reads documents you point the camera at. Recognition happens on-device.";
				INFOPLIST_KEY_NSLocationWhenInUseUsageDescription = "FRIDAY uses your location for local weather.";
				INFOPLIST_KEY_NSMicrophoneUsageDescription = "FRIDAY listens for your voice commands.";
				INFOPLIST_KEY_NSRemindersFullAccessUsageDescription = "FRIDAY creates reminders when you ask.";
				INFOPLIST_KEY_NSSpeechRecognitionUsageDescription = "FRIDAY transcribes your speech on-device.";
				INFOPLIST_KEY_NSSupportsLiveActivities = YES;
				INFOPLIST_KEY_UIApplicationSceneManifest_Generation = YES;
				INFOPLIST_KEY_UIApplicationSupportsIndirectInputEvents = YES;
				INFOPLIST_KEY_UILaunchScreen_Generation = YES;
				INFOPLIST_KEY_UIStatusBarStyle = UIStatusBarStyleLightContent;
				INFOPLIST_KEY_UISupportedInterfaceOrientations_iPhone = UIInterfaceOrientationPortrait;
				INFOPLIST_KEY_UIUserInterfaceStyle = Dark;
				LD_RUNPATH_SEARCH_PATHS = (
					"$(inherited)",
					"@executable_path/Frameworks",
				);
				MARKETING_VERSION = 1.0;
				PRODUCT_BUNDLE_IDENTIFIER = com.krishnamathur.friday;
				PRODUCT_NAME = "$(TARGET_NAME)";
				SWIFT_EMIT_LOC_STRINGS = YES;
				SWIFT_VERSION = 6.0;
				TARGETED_DEVICE_FAMILY = 1;
			};
			name = Release;
		};
		AA0000000000000000000630 /* Debug */ = {
			isa = XCBuildConfiguration;
			buildSettings = {
				CODE_SIGN_STYLE = Automatic;
				CURRENT_PROJECT_VERSION = 1;
				DEVELOPMENT_TEAM = R9BD597ST6;
				ENABLE_PREVIEWS = YES;
				GENERATE_INFOPLIST_FILE = YES;
				INFOPLIST_FILE = FridayActivity/Info.plist;
				INFOPLIST_KEY_CFBundleDisplayName = FRIDAY;
				LD_RUNPATH_SEARCH_PATHS = (
					"$(inherited)",
					"@executable_path/Frameworks",
					"@executable_path/../../Frameworks",
				);
				MARKETING_VERSION = 1.0;
				PRODUCT_BUNDLE_IDENTIFIER = com.krishnamathur.friday.FridayActivity;
				PRODUCT_NAME = "$(TARGET_NAME)";
				SKIP_INSTALL = YES;
				SWIFT_EMIT_LOC_STRINGS = YES;
				SWIFT_VERSION = 6.0;
				TARGETED_DEVICE_FAMILY = 1;
			};
			name = Debug;
		};
		AA0000000000000000000631 /* Release */ = {
			isa = XCBuildConfiguration;
			buildSettings = {
				CODE_SIGN_STYLE = Automatic;
				CURRENT_PROJECT_VERSION = 1;
				DEVELOPMENT_TEAM = R9BD597ST6;
				ENABLE_PREVIEWS = YES;
				GENERATE_INFOPLIST_FILE = YES;
				INFOPLIST_FILE = FridayActivity/Info.plist;
				INFOPLIST_KEY_CFBundleDisplayName = FRIDAY;
				LD_RUNPATH_SEARCH_PATHS = (
					"$(inherited)",
					"@executable_path/Frameworks",
					"@executable_path/../../Frameworks",
				);
				MARKETING_VERSION = 1.0;
				PRODUCT_BUNDLE_IDENTIFIER = com.krishnamathur.friday.FridayActivity;
				PRODUCT_NAME = "$(TARGET_NAME)";
				SKIP_INSTALL = YES;
				SWIFT_EMIT_LOC_STRINGS = YES;
				SWIFT_VERSION = 6.0;
				TARGETED_DEVICE_FAMILY = 1;
			};
			name = Release;
		};
/* End XCBuildConfiguration section */

/* Begin XCConfigurationList section */
		AA0000000000000000000600 /* Build configuration list for PBXProject "FRIDAY" */ = {
			isa = XCConfigurationList;
			buildConfigurations = (
				AA0000000000000000000610 /* Debug */,
				AA0000000000000000000611 /* Release */,
			);
			defaultConfigurationIsVisible = 0;
			defaultConfigurationName = Release;
		};
		AA0000000000000000000601 /* Build configuration list for PBXNativeTarget "FRIDAY" */ = {
			isa = XCConfigurationList;
			buildConfigurations = (
				AA0000000000000000000620 /* Debug */,
				AA0000000000000000000621 /* Release */,
			);
			defaultConfigurationIsVisible = 0;
			defaultConfigurationName = Release;
		};
		AA0000000000000000000602 /* Build configuration list for PBXNativeTarget "FridayActivity" */ = {
			isa = XCConfigurationList;
			buildConfigurations = (
				AA0000000000000000000630 /* Debug */,
				AA0000000000000000000631 /* Release */,
			);
			defaultConfigurationIsVisible = 0;
			defaultConfigurationName = Release;
		};
/* End XCConfigurationList section */
	};
	rootObject = AA0000000000000000000100 /* Project object */;
}
